// !$*UTF8*$!
{
	archiveVersion = 1;
	classes = {
	};
	objectVersion = 46;
	objects = {

/* Begin PBXBuildFile section */
		AC205D471B60FAE00021DBF5 /* AppDelegate.swift in Sources */ = {isa = PBXBuildFile; fileRef = AC205D461B60FAE00021DBF5 /* AppDelegate.swift */; };
		AC205D491B60FAE00021DBF5 /* LoginViewController.swift in Sources */ = {isa = PBXBuildFile; fileRef = AC205D481B60FAE00021DBF5 /* LoginViewController.swift */; };
		AC205D4C1B60FAE00021DBF5 /* Main.storyboard in Resources */ = {isa = PBXBuildFile; fileRef = AC205D4A1B60FAE00021DBF5 /* Main.storyboard */; };
		AC205D4E1B60FAE00021DBF5 /* Images.xcassets in Resources */ = {isa = PBXBuildFile; fileRef = AC205D4D1B60FAE00021DBF5 /* Images.xcassets */; };
		AC205D511B60FAE00021DBF5 /* LaunchScreen.xib in Resources */ = {isa = PBXBuildFile; fileRef = AC205D4F1B60FAE00021DBF5 /* LaunchScreen.xib */; };
		AC205D5D1B60FAE00021DBF5 /* On_the_MapTests.swift in Sources */ = {isa = PBXBuildFile; fileRef = AC205D5C1B60FAE00021DBF5 /* On_the_MapTests.swift */; };
		AC3CEC1B1B674AE600BDB502 /* NavigationViewController.swift in Sources */ = {isa = PBXBuildFile; fileRef = AC3CEC1A1B674AE600BDB502 /* NavigationViewController.swift */; };
		AC5B902E1B676C1C0079FBD7 /* EditViewController.swift in Sources */ = {isa = PBXBuildFile; fileRef = AC5B902D1B676C1C0079FBD7 /* EditViewController.swift */; };
		AC5B90311B6787160079FBD7 /* LinkViewController.swift in Sources */ = {isa = PBXBuildFile; fileRef = AC5B90301B6787160079FBD7 /* LinkViewController.swift */; };
		AC5B90641B67C9AF0079FBD7 /* UdacityLogin.swift in Sources */ = {isa = PBXBuildFile; fileRef = AC5B90631B67C9AF0079FBD7 /* UdacityLogin.swift */; };
		AC5C16A91B61364E0071E7E3 /* MapViewController.swift in Sources */ = {isa = PBXBuildFile; fileRef = AC5C16A81B61364E0071E7E3 /* MapViewController.swift */; };
		AC80D2141B66AA3E0051A9C7 /* MapTableViewController.swift in Sources */ = {isa = PBXBuildFile; fileRef = AC80D2131B66AA3E0051A9C7 /* MapTableViewController.swift */; };
		AC80D2161B66BA010051A9C7 /* MapUser.swift in Sources */ = {isa = PBXBuildFile; fileRef = AC80D2151B66BA010051A9C7 /* MapUser.swift */; };
		AC80D2181B66C0500051A9C7 /* ParseLoader.swift in Sources */ = {isa = PBXBuildFile; fileRef = AC80D2171B66C0500051A9C7 /* ParseLoader.swift */; };
		ACC648931B7B5D1B004921B6 /* FBSDKLoginKit.framework in Frameworks */ = {isa = PBXBuildFile; fileRef = ACC648921B7B5D1B004921B6 /* FBSDKLoginKit.framework */; };
		ACC648951B7B5D29004921B6 /* FBSDKCoreKit.framework in Frameworks */ = {isa = PBXBuildFile; fileRef = ACC648941B7B5D29004921B6 /* FBSDKCoreKit.framework */; };
		ACC648971B7BA0AE004921B6 /* Bolts.framework in Frameworks */ = {isa = PBXBuildFile; fileRef = ACC648961B7BA0AE004921B6 /* Bolts.framework */; };
/* End PBXBuildFile section */

/* Begin PBXContainerItemProxy section */
		AC205D571B60FAE00021DBF5 /* PBXContainerItemProxy */ = {
			isa = PBXContainerItemProxy;
			containerPortal = AC205D391B60FAE00021DBF5 /* Project object */;
			proxyType = 1;
			remoteGlobalIDString = AC205D401B60FAE00021DBF5;
			remoteInfo = "On the Map";
		};
/* End PBXContainerItemProxy section */

/* Begin PBXFileReference section */
		AC205D411B60FAE00021DBF5 /* OnTheMap.app */ = {isa = PBXFileReference; explicitFileType = wrapper.application; includeInIndex = 0; path = OnTheMap.app; sourceTree = BUILT_PRODUCTS_DIR; };
		AC205D451B60FAE00021DBF5 /* Info.plist */ = {isa = PBXFileReference; lastKnownFileType = text.plist.xml; path = Info.plist; sourceTree = "<group>"; };
		AC205D461B60FAE00021DBF5 /* AppDelegate.swift */ = {isa = PBXFileReference; lastKnownFileType = sourcecode.swift; path = AppDelegate.swift; sourceTree = "<group>"; };
		AC205D481B60FAE00021DBF5 /* LoginViewController.swift */ = {isa = PBXFileReference; lastKnownFileType = sourcecode.swift; path = LoginViewController.swift; sourceTree = "<group>"; };
		AC205D4B1B60FAE00021DBF5 /* Base */ = {isa = PBXFileReference; lastKnownFileType = file.storyboard; name = Base; path = Base.lproj/Main.storyboard; sourceTree = "<group>"; };
		AC205D4D1B60FAE00021DBF5 /* Images.xcassets */ = {isa = PBXFileReference; lastKnownFileType = folder.assetcatalog; path = Images.xcassets; sourceTree = "<group>"; };
		AC205D501B60FAE00021DBF5 /* Base */ = {isa = PBXFileReference; lastKnownFileType = file.xib; name = Base; path = Base.lproj/LaunchScreen.xib; sourceTree = "<group>"; };
		AC205D561B60FAE00021DBF5 /* OnTheMapTests.xctest */ = {isa = PBXFileReference; explicitFileType = wrapper.cfbundle; includeInIndex = 0; path = OnTheMapTests.xctest; sourceTree = BUILT_PRODUCTS_DIR; };
		AC205D5B1B60FAE00021DBF5 /* Info.plist */ = {isa = PBXFileReference; lastKnownFileType = text.plist.xml; path = Info.plist; sourceTree = "<group>"; };
		AC205D5C1B60FAE00021DBF5 /* On_the_MapTests.swift */ = {isa = PBXFileReference; lastKnownFileType = sourcecode.swift; path = On_the_MapTests.swift; sourceTree = "<group>"; };
		AC3CEC1A1B674AE600BDB502 /* NavigationViewController.swift */ = {isa = PBXFileReference; fileEncoding = 4; lastKnownFileType = sourcecode.swift; path = NavigationViewController.swift; sourceTree = "<group>"; };
		AC5B902D1B676C1C0079FBD7 /* EditViewController.swift */ = {isa = PBXFileReference; fileEncoding = 4; lastKnownFileType = sourcecode.swift; path = EditViewController.swift; sourceTree = "<group>"; };
		AC5B90301B6787160079FBD7 /* LinkViewController.swift */ = {isa = PBXFileReference; fileEncoding = 4; lastKnownFileType = sourcecode.swift; path = LinkViewController.swift; sourceTree = "<group>"; };
		AC5B90631B67C9AF0079FBD7 /* UdacityLogin.swift */ = {isa = PBXFileReference; fileEncoding = 4; lastKnownFileType = sourcecode.swift; path = UdacityLogin.swift; sourceTree = "<group>"; };
		AC5C16A81B61364E0071E7E3 /* MapViewController.swift */ = {isa = PBXFileReference; fileEncoding = 4; lastKnownFileType = sourcecode.swift; path = MapViewController.swift; sourceTree = "<group>"; };
		AC80D2131B66AA3E0051A9C7 /* MapTableViewController.swift */ = {isa = PBXFileReference; fileEncoding = 4; lastKnownFileType = sourcecode.swift; name = MapTableViewController.swift; path = ../MapTableViewController.swift; sourceTree = "<group>"; };
		AC80D2151B66BA010051A9C7 /* MapUser.swift */ = {isa = PBXFileReference; fileEncoding = 4; lastKnownFileType = sourcecode.swift; path = MapUser.swift; sourceTree = "<group>"; };
		AC80D2171B66C0500051A9C7 /* ParseLoader.swift */ = {isa = PBXFileReference; fileEncoding = 4; lastKnownFileType = sourcecode.swift; path = ParseLoader.swift; sourceTree = "<group>"; };
		ACC648921B7B5D1B004921B6 /* FBSDKLoginKit.framework */ = {isa = PBXFileReference; lastKnownFileType = wrapper.framework; name = FBSDKLoginKit.framework; path = "../../Desktop/FacebookSDKs-iOS-20150810/FBSDKLoginKit.framework"; sourceTree = "<group>"; };
		ACC648941B7B5D29004921B6 /* FBSDKCoreKit.framework */ = {isa = PBXFileReference; lastKnownFileType = wrapper.framework; name = FBSDKCoreKit.framework; path = "../../Desktop/FacebookSDKs-iOS-20150810/FBSDKCoreKit.framework"; sourceTree = "<group>"; };
		ACC648961B7BA0AE004921B6 /* Bolts.framework */ = {isa = PBXFileReference; lastKnownFileType = wrapper.framework; path = Bolts.framework; sourceTree = "<group>"; };
		ACC648CF1B7BAAC9004921B6 /* OnTheMap--Bridging-Header.h */ = {isa = PBXFileReference; lastKnownFileType = sourcecode.c.h; name = "OnTheMap--Bridging-Header.h"; path = "../OnTheMap--Bridging-Header.h"; sourceTree = "<group>"; };
/* End PBXFileReference section */

/* Begin PBXFrameworksBuildPhase section */
		AC205D3E1B60FAE00021DBF5 /* Frameworks */ = {
			isa = PBXFrameworksBuildPhase;
			buildActionMask = 2147483647;
			files = (
				ACC648971B7BA0AE004921B6 /* Bolts.framework in Frameworks */,
				ACC648951B7B5D29004921B6 /* FBSDKCoreKit.framework in Frameworks */,
				ACC648931B7B5D1B004921B6 /* FBSDKLoginKit.framework in Frameworks */,
			);
			runOnlyForDeploymentPostprocessing = 0;
		};
		AC205D531B60FAE00021DBF5 /* Frameworks */ = {
			isa = PBXFrameworksBuildPhase;
			buildActionMask = 2147483647;
			files = (
			);
			runOnlyForDeploymentPostprocessing = 0;
		};
/* End PBXFrameworksBuildPhase section */

/* Begin PBXGroup section */
		AC205D381B60FAE00021DBF5 = {
			isa = PBXGroup;
			children = (
				ACC648941B7B5D29004921B6 /* FBSDKCoreKit.framework */,
				ACC648921B7B5D1B004921B6 /* FBSDKLoginKit.framework */,
				AC205D431B60FAE00021DBF5 /* On the Map */,
				AC205D591B60FAE00021DBF5 /* On the MapTests */,
				AC205D421B60FAE00021DBF5 /* Products */,
			);
			sourceTree = "<group>";
		};
		AC205D421B60FAE00021DBF5 /* Products */ = {
			isa = PBXGroup;
			children = (
				AC205D411B60FAE00021DBF5 /* OnTheMap.app */,
				AC205D561B60FAE00021DBF5 /* OnTheMapTests.xctest */,
			);
			name = Products;
			sourceTree = "<group>";
		};
		AC205D431B60FAE00021DBF5 /* On the Map */ = {
			isa = PBXGroup;
			children = (
				ACC648CF1B7BAAC9004921B6 /* OnTheMap--Bridging-Header.h */,
				ACC648961B7BA0AE004921B6 /* Bolts.framework */,
				AC5B902F1B676C220079FBD7 /* View Controllers */,
				AC205D4A1B60FAE00021DBF5 /* Main.storyboard */,
				AC5B90631B67C9AF0079FBD7 /* UdacityLogin.swift */,
				AC80D2171B66C0500051A9C7 /* ParseLoader.swift */,
				AC80D2151B66BA010051A9C7 /* MapUser.swift */,
				AC205D441B60FAE00021DBF5 /* Supporting Files */,
			);
			path = "On the Map";
			sourceTree = "<group>";
		};
		AC205D441B60FAE00021DBF5 /* Supporting Files */ = {
			isa = PBXGroup;
			children = (
				AC205D4F1B60FAE00021DBF5 /* LaunchScreen.xib */,
				AC205D4D1B60FAE00021DBF5 /* Images.xcassets */,
				AC205D461B60FAE00021DBF5 /* AppDelegate.swift */,
				AC205D451B60FAE00021DBF5 /* Info.plist */,
			);
			name = "Supporting Files";
			sourceTree = "<group>";
		};
		AC205D591B60FAE00021DBF5 /* On the MapTests */ = {
			isa = PBXGroup;
			children = (
				AC205D5C1B60FAE00021DBF5 /* On_the_MapTests.swift */,
				AC205D5A1B60FAE00021DBF5 /* Supporting Files */,
			);
			path = "On the MapTests";
			sourceTree = "<group>";
		};
		AC205D5A1B60FAE00021DBF5 /* Supporting Files */ = {
			isa = PBXGroup;
			children = (
				AC205D5B1B60FAE00021DBF5 /* Info.plist */,
			);
			name = "Supporting Files";
			sourceTree = "<group>";
		};
		AC5B902F1B676C220079FBD7 /* View Controllers */ = {
			isa = PBXGroup;
			children = (
				AC205D481B60FAE00021DBF5 /* LoginViewController.swift */,
				AC5B902D1B676C1C0079FBD7 /* EditViewController.swift */,
				AC3CEC1A1B674AE600BDB502 /* NavigationViewController.swift */,
				AC5C16A81B61364E0071E7E3 /* MapViewController.swift */,
				AC80D2131B66AA3E0051A9C7 /* MapTableViewController.swift */,
				AC5B90301B6787160079FBD7 /* LinkViewController.swift */,
			);
			name = "View Controllers";
			sourceTree = "<group>";
		};
/* End PBXGroup section */

/* Begin PBXNativeTarget section */
		AC205D401B60FAE00021DBF5 /* OnTheMap */ = {
			isa = PBXNativeTarget;
			buildConfigurationList = AC205D601B60FAE00021DBF5 /* Build configuration list for PBXNativeTarget "OnTheMap" */;
			buildPhases = (
				AC205D3D1B60FAE00021DBF5 /* Sources */,
				AC205D3E1B60FAE00021DBF5 /* Frameworks */,
				AC205D3F1B60FAE00021DBF5 /* Resources */,
			);
			buildRules = (
			);
			dependencies = (
			);
			name = OnTheMap;
			productName = "On the Map";
			productReference = AC205D411B60FAE00021DBF5 /* OnTheMap.app */;
			productType = "com.apple.product-type.application";
		};
		AC205D551B60FAE00021DBF5 /* OnTheMapTests */ = {
			isa = PBXNativeTarget;
			buildConfigurationList = AC205D631B60FAE00021DBF5 /* Build configuration list for PBXNativeTarget "OnTheMapTests" */;
			buildPhases = (
				AC205D521B60FAE00021DBF5 /* Sources */,
				AC205D531B60FAE00021DBF5 /* Frameworks */,
				AC205D541B60FAE00021DBF5 /* Resources */,
			);
			buildRules = (
			);
			dependencies = (
				AC205D581B60FAE00021DBF5 /* PBXTargetDependency */,
			);
			name = OnTheMapTests;
			productName = "On the MapTests";
			productReference = AC205D561B60FAE00021DBF5 /* OnTheMapTests.xctest */;
			productType = "com.apple.product-type.bundle.unit-test";
		};
/* End PBXNativeTarget section */

/* Begin PBXProject section */
		AC205D391B60FAE00021DBF5 /* Project object */ = {
			isa = PBXProject;
			attributes = {
				LastUpgradeCheck = 0640;
				ORGANIZATIONNAME = "Luke Tunnicliffe";
				TargetAttributes = {
					AC205D401B60FAE00021DBF5 = {
						CreatedOnToolsVersion = 6.4;
					};
					AC205D551B60FAE00021DBF5 = {
						CreatedOnToolsVersion = 6.4;
						TestTargetID = AC205D401B60FAE00021DBF5;
					};
				};
			};
			buildConfigurationList = AC205D3C1B60FAE00021DBF5 /* Build configuration list for PBXProject "OnTheMap" */;
			compatibilityVersion = "Xcode 3.2";
			developmentRegion = English;
			hasScannedForEncodings = 0;
			knownRegions = (
				en,
				Base,
			);
			mainGroup = AC205D381B60FAE00021DBF5;
			productRefGroup = AC205D421B60FAE00021DBF5 /* Products */;
			projectDirPath = "";
			projectRoot = "";
			targets = (
				AC205D401B60FAE00021DBF5 /* OnTheMap */,
				AC205D551B60FAE00021DBF5 /* OnTheMapTests */,
			);
		};
/* End PBXProject section */

/* Begin PBXResourcesBuildPhase section */
		AC205D3F1B60FAE00021DBF5 /* Resources */ = {
			isa = PBXResourcesBuildPhase;
			buildActionMask = 2147483647;
			files = (
				AC205D4C1B60FAE00021DBF5 /* Main.storyboard in Resources */,
				AC205D511B60FAE00021DBF5 /* LaunchScreen.xib in Resources */,
				AC205D4E1B60FAE00021DBF5 /* Images.xcassets in Resources */,
			);
			runOnlyForDeploymentPostprocessing = 0;
		};
		AC205D541B60FAE00021DBF5 /* Resources */ = {
			isa = PBXResourcesBuildPhase;
			buildActionMask = 2147483647;
			files = (
			);
			runOnlyForDeploymentPostprocessing = 0;
		};
/* End PBXResourcesBuildPhase section */

/* Begin PBXSourcesBuildPhase section */
		AC205D3D1B60FAE00021DBF5 /* Sources */ = {
			isa = PBXSourcesBuildPhase;
			buildActionMask = 2147483647;
			files = (
				AC5B902E1B676C1C0079FBD7 /* EditViewController.swift in Sources */,
				AC3CEC1B1B674AE600BDB502 /* NavigationViewController.swift in Sources */,
				AC205D491B60FAE00021DBF5 /* LoginViewController.swift in Sources */,
				AC80D2161B66BA010051A9C7 /* MapUser.swift in Sources */,
				AC205D471B60FAE00021DBF5 /* AppDelegate.swift in Sources */,
				AC5B90641B67C9AF0079FBD7 /* UdacityLogin.swift in Sources */,
				AC5C16A91B61364E0071E7E3 /* MapViewController.swift in Sources */,
				AC80D2181B66C0500051A9C7 /* ParseLoader.swift in Sources */,
				AC80D2141B66AA3E0051A9C7 /* MapTableViewController.swift in Sources */,
				AC5B90311B6787160079FBD7 /* LinkViewController.swift in Sources */,
			);
			runOnlyForDeploymentPostprocessing = 0;
		};
		AC205D521B60FAE00021DBF5 /* Sources */ = {
			isa = PBXSourcesBuildPhase;
			buildActionMask = 2147483647;
			files = (
				AC205D5D1B60FAE00021DBF5 /* On_the_MapTests.swift in Sources */,
			);
			runOnlyForDeploymentPostprocessing = 0;
		};
/* End PBXSourcesBuildPhase section */

/* Begin PBXTargetDependency section */
		AC205D581B60FAE00021DBF5 /* PBXTargetDependency */ = {
			isa = PBXTargetDependency;
			target = AC205D401B60FAE00021DBF5 /* OnTheMap */;
			targetProxy = AC205D571B60FAE00021DBF5 /* PBXContainerItemProxy */;
		};
/* End PBXTargetDependency section */

/* Begin PBXVariantGroup section */
		AC205D4A1B60FAE00021DBF5 /* Main.storyboard */ = {
			isa = PBXVariantGroup;
			children = (
				AC205D4B1B60FAE00021DBF5 /* Base */,
			);
			name = Main.storyboard;
			sourceTree = "<group>";
		};
		AC205D4F1B60FAE00021DBF5 /* LaunchScreen.xib */ = {
			isa = PBXVariantGroup;
			children = (
				AC205D501B60FAE00021DBF5 /* Base */,
			);
			name = LaunchScreen.xib;
			sourceTree = "<group>";
		};
/* End PBXVariantGroup section */

/* Begin XCBuildConfiguration section */
		AC205D5E1B60FAE00021DBF5 /* Debug */ = {
			isa = XCBuildConfiguration;
			buildSettings = {
				ALWAYS_SEARCH_USER_PATHS = NO;
				CLANG_CXX_LANGUAGE_STANDARD = "gnu++0x";
				CLANG_CXX_LIBRARY = "libc++";
				CLANG_ENABLE_MODULES = YES;
				CLANG_ENABLE_OBJC_ARC = YES;
				CLANG_WARN_BOOL_CONVERSION = YES;
				CLANG_WARN_CONSTANT_CONVERSION = YES;
				CLANG_WARN_DIRECT_OBJC_ISA_USAGE = YES_ERROR;
				CLANG_WARN_EMPTY_BODY = YES;
				CLANG_WARN_ENUM_CONVERSION = YES;
				CLANG_WARN_INT_CONVERSION = YES;
				CLANG_WARN_OBJC_ROOT_CLASS = YES_ERROR;
				CLANG_WARN_UNREACHABLE_CODE = YES;
				CLANG_WARN__DUPLICATE_METHOD_MATCH = YES;
				"CODE_SIGN_IDENTITY[sdk=iphoneos*]" = "iPhone Developer";
				COPY_PHASE_STRIP = NO;
				DEBUG_INFORMATION_FORMAT = "dwarf-with-dsym";
				ENABLE_STRICT_OBJC_MSGSEND = YES;
				GCC_C_LANGUAGE_STANDARD = gnu99;
				GCC_DYNAMIC_NO_PIC = NO;
				GCC_NO_COMMON_BLOCKS = YES;
				GCC_OPTIMIZATION_LEVEL = 0;
				GCC_PREPROCESSOR_DEFINITIONS = (
					"DEBUG=1",
					"$(inherited)",
				);
				GCC_SYMBOLS_PRIVATE_EXTERN = NO;
				GCC_WARN_64_TO_32_BIT_CONVERSION = YES;
				GCC_WARN_ABOUT_RETURN_TYPE = YES_ERROR;
				GCC_WARN_UNDECLARED_SELECTOR = YES;
				GCC_WARN_UNINITIALIZED_AUTOS = YES_AGGRESSIVE;
				GCC_WARN_UNUSED_FUNCTION = YES;
				GCC_WARN_UNUSED_VARIABLE = YES;
				IPHONEOS_DEPLOYMENT_TARGET = 8.4;
				MTL_ENABLE_DEBUG_INFO = YES;
				ONLY_ACTIVE_ARCH = YES;
				SDKROOT = iphoneos;
				SWIFT_OPTIMIZATION_LEVEL = "-Onone";
			};
			name = Debug;
		};
		AC205D5F1B60FAE00021DBF5 /* Release */ = {
			isa = XCBuildConfiguration;
			buildSettings = {
				ALWAYS_SEARCH_USER_PATHS = NO;
				CLANG_CXX_LANGUAGE_STANDARD = "gnu++0x";
				CLANG_CXX_LIBRARY = "libc++";
				CLANG_ENABLE_MODULES = YES;
				CLANG_ENABLE_OBJC_ARC = YES;
				CLANG_WARN_BOOL_CONVERSION = YES;
				CLANG_WARN_CONSTANT_CONVERSION = YES;
				CLANG_WARN_DIRECT_OBJC_ISA_USAGE = YES_ERROR;
				CLANG_WARN_EMPTY_BODY = YES;
				CLANG_WARN_ENUM_CONVERSION = YES;
				CLANG_WARN_INT_CONVERSION = YES;
				CLANG_WARN_OBJC_ROOT_CLASS = YES_ERROR;
				CLANG_WARN_UNREACHABLE_CODE = YES;
				CLANG_WARN__DUPLICATE_METHOD_MATCH = YES;
				"CODE_SIGN_IDENTITY[sdk=iphoneos*]" = "iPhone Developer";
				COPY_PHASE_STRIP = NO;
				DEBUG_INFORMATION_FORMAT = "dwarf-with-dsym";
				ENABLE_NS_ASSERTIONS = NO;
				ENABLE_STRICT_OBJC_MSGSEND = YES;
				GCC_C_LANGUAGE_STANDARD = gnu99;
				GCC_NO_COMMON_BLOCKS = YES;
				GCC_WARN_64_TO_32_BIT_CONVERSION = YES;
				GCC_WARN_ABOUT_RETURN_TYPE = YES_ERROR;
				GCC_WARN_UNDECLARED_SELECTOR = YES;
				GCC_WARN_UNINITIALIZED_AUTOS = YES_AGGRESSIVE;
				GCC_WARN_UNUSED_FUNCTION = YES;
				GCC_WARN_UNUSED_VARIABLE = YES;
				IPHONEOS_DEPLOYMENT_TARGET = 8.4;
				MTL_ENABLE_DEBUG_INFO = NO;
				SDKROOT = iphoneos;
				"SWIFT_OBJC_BRIDGING_HEADER[arch=*]" = "";
				VALIDATE_PRODUCT = YES;
			};
			name = Release;
		};
		AC205D611B60FAE00021DBF5 /* Debug */ = {
			isa = XCBuildConfiguration;
			buildSettings = {
				ASSETCATALOG_COMPILER_APPICON_NAME = AppIcon;
				FRAMEWORK_SEARCH_PATHS = (
					"$(inherited)",
					"/Users/workLuke/Desktop/FacebookSDKs-iOS-20150810",
					"$(PROJECT_DIR)/On",
					the,
					Map,
				);
				INFOPLIST_FILE = "On the Map/Info.plist";
				LD_RUNPATH_SEARCH_PATHS = "$(inherited) @executable_path/Frameworks";
				PRODUCT_NAME = OnTheMap;
				SWIFT_OBJC_BRIDGING_HEADER = "OnTheMap--Bridging-Header.h";
				"SWIFT_OPTIMIZATION_LEVEL[arch=*]" = "-Onone";
			};
			name = Debug;
		};
		AC205D621B60FAE00021DBF5 /* Release */ = {
			isa = XCBuildConfiguration;
			buildSettings = {
				ASSETCATALOG_COMPILER_APPICON_NAME = AppIcon;
				FRAMEWORK_SEARCH_PATHS = (
					"$(inherited)",
					"/Users/workLuke/Desktop/FacebookSDKs-iOS-20150810",
					"$(PROJECT_DIR)/On",
					the,
					Map,
				);
				INFOPLIST_FILE = "On the Map/Info.plist";
				LD_RUNPATH_SEARCH_PATHS = "$(inherited) @executable_path/Frameworks";
				PRODUCT_NAME = OnTheMap;
				SWIFT_OBJC_BRIDGING_HEADER = "OnTheMap--Bridging-Header.h";
			};
			name = Release;
		};
		AC205D641B60FAE00021DBF5 /* Debug */ = {
			isa = XCBuildConfiguration;
			buildSettings = {
				FRAMEWORK_SEARCH_PATHS = (
					"$(SDKROOT)/Developer/Library/Frameworks",
					"$(inherited)",
					"$(PROJECT_DIR)/On",
					the,
					MapTests,
				);
				GCC_PREPROCESSOR_DEFINITIONS = (
					"DEBUG=1",
					"$(inherited)",
				);
				INFOPLIST_FILE = "On the MapTests/Info.plist";
				LD_RUNPATH_SEARCH_PATHS = "$(inherited) @executable_path/Frameworks @loader_path/Frameworks";
				PRODUCT_NAME = OnTheMapTests;
				TEST_HOST = "$(BUILT_PRODUCTS_DIR)/On the Map.app/On the Map";
			};
			name = Debug;
		};
		AC205D651B60FAE00021DBF5 /* Release */ = {
			isa = XCBuildConfiguration;
			buildSettings = {
				FRAMEWORK_SEARCH_PATHS = (
					"$(SDKROOT)/Developer/Library/Frameworks",
					"$(inherited)",
					"$(PROJECT_DIR)/On",
					the,
					MapTests,
				);
				INFOPLIST_FILE = "On the MapTests/Info.plist";
				LD_RUNPATH_SEARCH_PATHS = "$(inherited) @executable_path/Frameworks @loader_path/Frameworks";
				PRODUCT_NAME = OnTheMapTests;
				TEST_HOST = "$(BUILT_PRODUCTS_DIR)/On the Map.app/On the Map";
			};
			name = Release;
		};
/* End XCBuildConfiguration section */

/* Begin XCConfigurationList section */
		AC205D3C1B60FAE00021DBF5 /* Build configuration list for PBXProject "OnTheMap" */ = {
			isa = XCConfigurationList;
			buildConfigurations = (
				AC205D5E1B60FAE00021DBF5 /* Debug */,
				AC205D5F1B60FAE00021DBF5 /* Release */,
			);
			defaultConfigurationIsVisible = 0;
			defaultConfigurationName = Release;
		};
		AC205D601B60FAE00021DBF5 /* Build configuration list for PBXNativeTarget "OnTheMap" */ = {
			isa = XCConfigurationList;
			buildConfigurations = (
				AC205D611B60FAE00021DBF5 /* Debug */,
				AC205D621B60FAE00021DBF5 /* Release */,
			);
			defaultConfigurationIsVisible = 0;
			defaultConfigurationName = Release;
		};
		AC205D631B60FAE00021DBF5 /* Build configuration list for PBXNativeTarget "OnTheMapTests" */ = {
			isa = XCConfigurationList;
			buildConfigurations = (
				AC205D641B60FAE00021DBF5 /* Debug */,
				AC205D651B60FAE00021DBF5 /* Release */,
			);
			defaultConfigurationIsVisible = 0;
			defaultConfigurationName = Release;
		};
/* End XCConfigurationList section */
	};
	rootObject = AC205D391B60FAE00021DBF5 /* Project object */;
}
